
Microsoft Visual Studio Solution File, Format Version 10.00
# Visual Studio 2008
Project("{8BC9CEB8-8B4A-11D0-8D11-00A0C91BC942}") = "ARPackerM", "ARPackerM\ARPackerM.vcproj", "{6F8117B2-8740-4081-8630-00010456B13E}"
EndProject
Project("{8BC9CEB8-8B4A-11D0-8D11-00A0C91BC942}") = "Test", "Test\Test.vcproj", "{52CE86C8-0D5C-47A1-B9DC-595AF8C04908}"
EndProject
Global
	GlobalSection(SolutionConfigurationPlatforms) = preSolution
		Debug|Win32 = Debug|Win32
		Release|Win32 = Release|Win32
	EndGlobalSection
	GlobalSection(ProjectConfigurationPlatforms) = postSolution
		{6F8117B2-8740-4081-8630-00010456B13E}.Debug|Win32.ActiveCfg = Debug|Win32
		{6F8117B2-8740-4081-8630-00010456B13E}.Debug|Win32.Build.0 = Debug|Win32
		{6F8117B2-8740-4081-8630-00010456B13E}.Release|Win32.ActiveCfg = Release|Win32
		{6F8117B2-8740-4081-8630-00010456B13E}.Release|Win32.Build.0 = Release|Win32
		{52CE86C8-0D5C-47A1-B9DC-595AF8C04908}.Debug|Win32.ActiveCfg = Debug|Win32
		{52CE86C8-0D5C-47A1-B9DC-595AF8C04908}.Debug|Win32.Build.0 = Debug|Win32
		{52CE86C8-0D5C-47A1-B9DC-595AF8C04908}.Release|Win32.ActiveCfg = Release|Win32
		{52CE86C8-0D5C-47A1-B9DC-595AF8C04908}.Release|Win32.Build.0 = Release|Win32
	EndGlobalSection
	GlobalSection(SolutionProperties) = preSolution
		HideSolutionNode = FALSE
	EndGlobalSection
EndGlobal
